
Microsoft Visual Studio Solution File, Format Version 12.00
# Visual Studio Version 17
VisualStudioVersion = 17.2.32526.322
MinimumVisualStudioVersion = 10.0.40219.1
Project("{9A19103F-16F7-4668-BE54-9A1E7A4F7556}") = "Library", "Library.csproj", "{57A7CC95-0A97-48A6-BE69-1925AFAD0B4F}"
EndProject
Global
	GlobalSection(SolutionConfigurationPlatforms) = preSolution
		Debug|Any CPU = Debug|Any CPU
		Release|Any CPU = Release|Any CPU
	EndGlobalSection
	GlobalSection(ProjectConfigurationPlatforms) = postSolution
		{57A7CC95-0A97-48A6-BE69-1925AFAD0B4F}.Debug|Any CPU.ActiveCfg = Debug|Any CPU
		{57A7CC95-0A97-48A6-BE69-1925AFAD0B4F}.Debug|Any CPU.Build.0 = Debug|Any CPU
		{57A7CC95-0A97-48A6-BE69-1925AFAD0B4F}.Release|Any CPU.ActiveCfg = Release|Any CPU
		{57A7CC95-0A97-48A6-BE69-1925AFAD0B4F}.Release|Any CPU.Build.0 = Release|Any CPU
	EndGlobalSection
	GlobalSection(SolutionProperties) = preSolution
		HideSolutionNode = FALSE
	EndGlobalSection
	GlobalSection(ExtensibilityGlobals) = postSolution
		SolutionGuid = {1A0F8964-A5C4-4DBB-B668-46E8434D9C79}
	EndGlobalSection
EndGlobal
